// !$*UTF8*$!
{
	archiveVersion = 1;
	classes = {
	};
	objectVersion = 50;
	objects = {

/* Begin PBXBuildFile section */
		4490BB77972694AE913D5B1A /* Pods_testapp.framework in Frameworks */ = {isa = PBXBuildFile; fileRef = 9342CEF1E7081894B7F2C29C /* Pods_testapp.framework */; };
		8C9980792335D99A00C43EF0 /* AppDelegate.swift in Sources */ = {isa = PBXBuildFile; fileRef = 8C9980782335D99A00C43EF0 /* AppDelegate.swift */; };
		8C99807B2335D99A00C43EF0 /* ViewController.swift in Sources */ = {isa = PBXBuildFile; fileRef = 8C99807A2335D99A00C43EF0 /* ViewController.swift */; };
		8C99807E2335D99A00C43EF0 /* Main.storyboard in Resources */ = {isa = PBXBuildFile; fileRef = 8C99807C2335D99A00C43EF0 /* Main.storyboard */; };
		8C9980802335D99C00C43EF0 /* Assets.xcassets in Resources */ = {isa = PBXBuildFile; fileRef = 8C99807F2335D99C00C43EF0 /* Assets.xcassets */; };
		8C9980832335D99C00C43EF0 /* LaunchScreen.storyboard in Resources */ = {isa = PBXBuildFile; fileRef = 8C9980812335D99C00C43EF0 /* LaunchScreen.storyboard */; };
		8C99808E2335D99C00C43EF0 /* testappTests.swift in Sources */ = {isa = PBXBuildFile; fileRef = 8C99808D2335D99C00C43EF0 /* testappTests.swift */; };
		8C9980992335D99C00C43EF0 /* testappUITests.swift in Sources */ = {isa = PBXBuildFile; fileRef = 8C9980982335D99C00C43EF0 /* testappUITests.swift */; };
		8C9980A92335E37B00C43EF0 /* wikiTableViewCell.swift in Sources */ = {isa = PBXBuildFile; fileRef = 8C9980A82335E37B00C43EF0 /* wikiTableViewCell.swift */; };
		8C9980AD2335E4A900C43EF0 /* SearchResultTableViewController.swift in Sources */ = {isa = PBXBuildFile; fileRef = 8C9980AC2335E4A900C43EF0 /* SearchResultTableViewController.swift */; };
		8C9980AF2335F55300C43EF0 /* apiRequest.swift in Sources */ = {isa = PBXBuildFile; fileRef = 8C9980AE2335F55300C43EF0 /* apiRequest.swift */; };
		8D5A19998B498BE245BCFF78 /* Pods_testappUITests.framework in Frameworks */ = {isa = PBXBuildFile; fileRef = C954A2B3D6E8752A68AD47DD /* Pods_testappUITests.framework */; };
		AF44F264019B282D73D83125 /* Pods_testappTests.framework in Frameworks */ = {isa = PBXBuildFile; fileRef = 8375928FCBC35CFD7A76C2EA /* Pods_testappTests.framework */; };
/* End PBXBuildFile section */

/* Begin PBXContainerItemProxy section */
		8C99808A2335D99C00C43EF0 /* PBXContainerItemProxy */ = {
			isa = PBXContainerItemProxy;
			containerPortal = 8C99806D2335D99A00C43EF0 /* Project object */;
			proxyType = 1;
			remoteGlobalIDString = 8C9980742335D99A00C43EF0;
			remoteInfo = testapp;
		};
		8C9980952335D99C00C43EF0 /* PBXContainerItemProxy */ = {
			isa = PBXContainerItemProxy;
			containerPortal = 8C99806D2335D99A00C43EF0 /* Project object */;
			proxyType = 1;
			remoteGlobalIDString = 8C9980742335D99A00C43EF0;
			remoteInfo = testapp;
		};
/* End PBXContainerItemProxy section */

/* Begin PBXFileReference section */
		45D05EF63F1D293DFB5AAD35 /* Pods-testappTests.debug.xcconfig */ = {isa = PBXFileReference; includeInIndex = 1; lastKnownFileType = text.xcconfig; name = "Pods-testappTests.debug.xcconfig"; path = "Target Support Files/Pods-testappTests/Pods-testappTests.debug.xcconfig"; sourceTree = "<group>"; };
		4E1681687F0B03B2CCC6ABD6 /* Pods-testappTests.release.xcconfig */ = {isa = PBXFileReference; includeInIndex = 1; lastKnownFileType = text.xcconfig; name = "Pods-testappTests.release.xcconfig"; path = "Target Support Files/Pods-testappTests/Pods-testappTests.release.xcconfig"; sourceTree = "<group>"; };
		6D53545E0381F121A7A1AF5C /* Pods-testapp.debug.xcconfig */ = {isa = PBXFileReference; includeInIndex = 1; lastKnownFileType = text.xcconfig; name = "Pods-testapp.debug.xcconfig"; path = "Target Support Files/Pods-testapp/Pods-testapp.debug.xcconfig"; sourceTree = "<group>"; };
		8375928FCBC35CFD7A76C2EA /* Pods_testappTests.framework */ = {isa = PBXFileReference; explicitFileType = wrapper.framework; includeInIndex = 0; path = Pods_testappTests.framework; sourceTree = BUILT_PRODUCTS_DIR; };
		8C9980752335D99A00C43EF0 /* testapp.app */ = {isa = PBXFileReference; explicitFileType = wrapper.application; includeInIndex = 0; path = testapp.app; sourceTree = BUILT_PRODUCTS_DIR; };
		8C9980782335D99A00C43EF0 /* AppDelegate.swift */ = {isa = PBXFileReference; lastKnownFileType = sourcecode.swift; path = AppDelegate.swift; sourceTree = "<group>"; };
		8C99807A2335D99A00C43EF0 /* ViewController.swift */ = {isa = PBXFileReference; lastKnownFileType = sourcecode.swift; path = ViewController.swift; sourceTree = "<group>"; };
		8C99807D2335D99A00C43EF0 /* Base */ = {isa = PBXFileReference; lastKnownFileType = file.storyboard; name = Base; path = Base.lproj/Main.storyboard; sourceTree = "<group>"; };
		8C99807F2335D99C00C43EF0 /* Assets.xcassets */ = {isa = PBXFileReference; lastKnownFileType = folder.assetcatalog; path = Assets.xcassets; sourceTree = "<group>"; };
		8C9980822335D99C00C43EF0 /* Base */ = {isa = PBXFileReference; lastKnownFileType = file.storyboard; name = Base; path = Base.lproj/LaunchScreen.storyboard; sourceTree = "<group>"; };
		8C9980842335D99C00C43EF0 /* Info.plist */ = {isa = PBXFileReference; lastKnownFileType = text.plist.xml; path = Info.plist; sourceTree = "<group>"; };
		8C9980892335D99C00C43EF0 /* testappTests.xctest */ = {isa = PBXFileReference; explicitFileType = wrapper.cfbundle; includeInIndex = 0; path = testappTests.xctest; sourceTree = BUILT_PRODUCTS_DIR; };
		8C99808D2335D99C00C43EF0 /* testappTests.swift */ = {isa = PBXFileReference; lastKnownFileType = sourcecode.swift; path = testappTests.swift; sourceTree = "<group>"; };
		8C99808F2335D99C00C43EF0 /* Info.plist */ = {isa = PBXFileReference; lastKnownFileType = text.plist.xml; path = Info.plist; sourceTree = "<group>"; };
		8C9980942335D99C00C43EF0 /* testappUITests.xctest */ = {isa = PBXFileReference; explicitFileType = wrapper.cfbundle; includeInIndex = 0; path = testappUITests.xctest; sourceTree = BUILT_PRODUCTS_DIR; };
		8C9980982335D99C00C43EF0 /* testappUITests.swift */ = {isa = PBXFileReference; lastKnownFileType = sourcecode.swift; path = testappUITests.swift; sourceTree = "<group>"; };
		8C99809A2335D99C00C43EF0 /* Info.plist */ = {isa = PBXFileReference; lastKnownFileType = text.plist.xml; path = Info.plist; sourceTree = "<group>"; };
		8C9980A82335E37B00C43EF0 /* wikiTableViewCell.swift */ = {isa = PBXFileReference; lastKnownFileType = sourcecode.swift; path = wikiTableViewCell.swift; sourceTree = "<group>"; };
		8C9980AC2335E4A900C43EF0 /* SearchResultTableViewController.swift */ = {isa = PBXFileReference; lastKnownFileType = sourcecode.swift; path = SearchResultTableViewController.swift; sourceTree = "<group>"; };
		8C9980AE2335F55300C43EF0 /* apiRequest.swift */ = {isa = PBXFileReference; lastKnownFileType = sourcecode.swift; path = apiRequest.swift; sourceTree = "<group>"; };
		91CCCC1BA2BC8D827E74F394 /* Pods-testappUITests.debug.xcconfig */ = {isa = PBXFileReference; includeInIndex = 1; lastKnownFileType = text.xcconfig; name = "Pods-testappUITests.debug.xcconfig"; path = "Target Support Files/Pods-testappUITests/Pods-testappUITests.debug.xcconfig"; sourceTree = "<group>"; };
		9342CEF1E7081894B7F2C29C /* Pods_testapp.framework */ = {isa = PBXFileReference; explicitFileType = wrapper.framework; includeInIndex = 0; path = Pods_testapp.framework; sourceTree = BUILT_PRODUCTS_DIR; };
		A1ABEE74BABC9EBCFD73617B /* Pods-testappUITests.release.xcconfig */ = {isa = PBXFileReference; includeInIndex = 1; lastKnownFileType = text.xcconfig; name = "Pods-testappUITests.release.xcconfig"; path = "Target Support Files/Pods-testappUITests/Pods-testappUITests.release.xcconfig"; sourceTree = "<group>"; };
		BF6F635262C1E11B447FCD8A /* Pods-testapp.release.xcconfig */ = {isa = PBXFileReference; includeInIndex = 1; lastKnownFileType = text.xcconfig; name = "Pods-testapp.release.xcconfig"; path = "Target Support Files/Pods-testapp/Pods-testapp.release.xcconfig"; sourceTree = "<group>"; };
		C954A2B3D6E8752A68AD47DD /* Pods_testappUITests.framework */ = {isa = PBXFileReference; explicitFileType = wrapper.framework; includeInIndex = 0; path = Pods_testappUITests.framework; sourceTree = BUILT_PRODUCTS_DIR; };
/* End PBXFileReference section */

/* Begin PBXFrameworksBuildPhase section */
		8C9980722335D99A00C43EF0 /* Frameworks */ = {
			isa = PBXFrameworksBuildPhase;
			buildActionMask = 2147483647;
			files = (
				4490BB77972694AE913D5B1A /* Pods_testapp.framework in Frameworks */,
			);
			runOnlyForDeploymentPostprocessing = 0;
		};
		8C9980862335D99C00C43EF0 /* Frameworks */ = {
			isa = PBXFrameworksBuildPhase;
			buildActionMask = 2147483647;
			files = (
				AF44F264019B282D73D83125 /* Pods_testappTests.framework in Frameworks */,
			);
			runOnlyForDeploymentPostprocessing = 0;
		};
		8C9980912335D99C00C43EF0 /* Frameworks */ = {
			isa = PBXFrameworksBuildPhase;
			buildActionMask = 2147483647;
			files = (
				8D5A19998B498BE245BCFF78 /* Pods_testappUITests.framework in Frameworks */,
			);
			runOnlyForDeploymentPostprocessing = 0;
		};
/* End PBXFrameworksBuildPhase section */

/* Begin PBXGroup section */
		2C5C34D90B3E958228AF1822 /* Pods */ = {
			isa = PBXGroup;
			children = (
				6D53545E0381F121A7A1AF5C /* Pods-testapp.debug.xcconfig */,
				BF6F635262C1E11B447FCD8A /* Pods-testapp.release.xcconfig */,
				45D05EF63F1D293DFB5AAD35 /* Pods-testappTests.debug.xcconfig */,
				4E1681687F0B03B2CCC6ABD6 /* Pods-testappTests.release.xcconfig */,
				91CCCC1BA2BC8D827E74F394 /* Pods-testappUITests.debug.xcconfig */,
				A1ABEE74BABC9EBCFD73617B /* Pods-testappUITests.release.xcconfig */,
			);
			path = Pods;
			sourceTree = "<group>";
		};
		50997A677983CDB67EE25118 /* Frameworks */ = {
			isa = PBXGroup;
			children = (
				9342CEF1E7081894B7F2C29C /* Pods_testapp.framework */,
				8375928FCBC35CFD7A76C2EA /* Pods_testappTests.framework */,
				C954A2B3D6E8752A68AD47DD /* Pods_testappUITests.framework */,
			);
			name = Frameworks;
			sourceTree = "<group>";
		};
		8C99806C2335D99A00C43EF0 = {
			isa = PBXGroup;
			children = (
				8C9980772335D99A00C43EF0 /* testapp */,
				8C99808C2335D99C00C43EF0 /* testappTests */,
				8C9980972335D99C00C43EF0 /* testappUITests */,
				8C9980762335D99A00C43EF0 /* Products */,
				2C5C34D90B3E958228AF1822 /* Pods */,
				50997A677983CDB67EE25118 /* Frameworks */,
			);
			sourceTree = "<group>";
		};
		8C9980762335D99A00C43EF0 /* Products */ = {
			isa = PBXGroup;
			children = (
				8C9980752335D99A00C43EF0 /* testapp.app */,
				8C9980892335D99C00C43EF0 /* testappTests.xctest */,
				8C9980942335D99C00C43EF0 /* testappUITests.xctest */,
			);
			name = Products;
			sourceTree = "<group>";
		};
		8C9980772335D99A00C43EF0 /* testapp */ = {
			isa = PBXGroup;
			children = (
				8C9980782335D99A00C43EF0 /* AppDelegate.swift */,
				8C99807A2335D99A00C43EF0 /* ViewController.swift */,
				8C99807C2335D99A00C43EF0 /* Main.storyboard */,
				8C99807F2335D99C00C43EF0 /* Assets.xcassets */,
				8C9980812335D99C00C43EF0 /* LaunchScreen.storyboard */,
				8C9980842335D99C00C43EF0 /* Info.plist */,
				8C9980A82335E37B00C43EF0 /* wikiTableViewCell.swift */,
				8C9980AC2335E4A900C43EF0 /* SearchResultTableViewController.swift */,
				8C9980AE2335F55300C43EF0 /* apiRequest.swift */,
			);
			path = testapp;
			sourceTree = "<group>";
		};
		8C99808C2335D99C00C43EF0 /* testappTests */ = {
			isa = PBXGroup;
			children = (
				8C99808D2335D99C00C43EF0 /* testappTests.swift */,
				8C99808F2335D99C00C43EF0 /* Info.plist */,
			);
			path = testappTests;
			sourceTree = "<group>";
		};
		8C9980972335D99C00C43EF0 /* testappUITests */ = {
			isa = PBXGroup;
			children = (
				8C9980982335D99C00C43EF0 /* testappUITests.swift */,
				8C99809A2335D99C00C43EF0 /* Info.plist */,
			);
			path = testappUITests;
			sourceTree = "<group>";
		};
/* End PBXGroup section */

/* Begin PBXNativeTarget section */
		8C9980742335D99A00C43EF0 /* testapp */ = {
			isa = PBXNativeTarget;
			buildConfigurationList = 8C99809D2335D99C00C43EF0 /* Build configuration list for PBXNativeTarget "testapp" */;
			buildPhases = (
				057697275C909D78B5B05823 /* [CP] Check Pods Manifest.lock */,
				8C9980712335D99A00C43EF0 /* Sources */,
				8C9980722335D99A00C43EF0 /* Frameworks */,
				8C9980732335D99A00C43EF0 /* Resources */,
				D1285D6D67213687C73EC6CA /* [CP] Embed Pods Frameworks */,
			);
			buildRules = (
			);
			dependencies = (
			);
			name = testapp;
			productName = testapp;
			productReference = 8C9980752335D99A00C43EF0 /* testapp.app */;
			productType = "com.apple.product-type.application";
		};
		8C9980882335D99C00C43EF0 /* testappTests */ = {
			isa = PBXNativeTarget;
			buildConfigurationList = 8C9980A02335D99C00C43EF0 /* Build configuration list for PBXNativeTarget "testappTests" */;
			buildPhases = (
				F784308CE4C268FE16B253A7 /* [CP] Check Pods Manifest.lock */,
				8C9980852335D99C00C43EF0 /* Sources */,
				8C9980862335D99C00C43EF0 /* Frameworks */,
				8C9980872335D99C00C43EF0 /* Resources */,
			);
			buildRules = (
			);
			dependencies = (
				8C99808B2335D99C00C43EF0 /* PBXTargetDependency */,
			);
			name = testappTests;
			productName = testappTests;
			productReference = 8C9980892335D99C00C43EF0 /* testappTests.xctest */;
			productType = "com.apple.product-type.bundle.unit-test";
		};
		8C9980932335D99C00C43EF0 /* testappUITests */ = {
			isa = PBXNativeTarget;
			buildConfigurationList = 8C9980A32335D99C00C43EF0 /* Build configuration list for PBXNativeTarget "testappUITests" */;
			buildPhases = (
				2C03A3E802CD91E7ED7AB14F /* [CP] Check Pods Manifest.lock */,
				8C9980902335D99C00C43EF0 /* Sources */,
				8C9980912335D99C00C43EF0 /* Frameworks */,
				8C9980922335D99C00C43EF0 /* Resources */,
			);
			buildRules = (
			);
			dependencies = (
				8C9980962335D99C00C43EF0 /* PBXTargetDependency */,
			);
			name = testappUITests;
			productName = testappUITests;
			productReference = 8C9980942335D99C00C43EF0 /* testappUITests.xctest */;
			productType = "com.apple.product-type.bundle.ui-testing";
		};
/* End PBXNativeTarget section */

/* Begin PBXProject section */
		8C99806D2335D99A00C43EF0 /* Project object */ = {
			isa = PBXProject;
			attributes = {
				LastSwiftUpdateCheck = 1010;
				LastUpgradeCheck = 1010;
				ORGANIZATIONNAME = "Digital-02";
				TargetAttributes = {
					8C9980742335D99A00C43EF0 = {
						CreatedOnToolsVersion = 10.1;
					};
					8C9980882335D99C00C43EF0 = {
						CreatedOnToolsVersion = 10.1;
						TestTargetID = 8C9980742335D99A00C43EF0;
					};
					8C9980932335D99C00C43EF0 = {
						CreatedOnToolsVersion = 10.1;
						TestTargetID = 8C9980742335D99A00C43EF0;
					};
				};
			};
			buildConfigurationList = 8C9980702335D99A00C43EF0 /* Build configuration list for PBXProject "testapp" */;
			compatibilityVersion = "Xcode 9.3";
			developmentRegion = en;
			hasScannedForEncodings = 0;
			knownRegions = (
				en,
				Base,
			);
			mainGroup = 8C99806C2335D99A00C43EF0;
			productRefGroup = 8C9980762335D99A00C43EF0 /* Products */;
			projectDirPath = "";
			projectRoot = "";
			targets = (
				8C9980742335D99A00C43EF0 /* testapp */,
				8C9980882335D99C00C43EF0 /* testappTests */,
				8C9980932335D99C00C43EF0 /* testappUITests */,
			);
		};
/* End PBXProject section */

/* Begin PBXResourcesBuildPhase section */
		8C9980732335D99A00C43EF0 /* Resources */ = {
			isa = PBXResourcesBuildPhase;
			buildActionMask = 2147483647;
			files = (
				8C9980832335D99C00C43EF0 /* LaunchScreen.storyboard in Resources */,
				8C9980802335D99C00C43EF0 /* Assets.xcassets in Resources */,
				8C99807E2335D99A00C43EF0 /* Main.storyboard in Resources */,
			);
			runOnlyForDeploymentPostprocessing = 0;
		};
		8C9980872335D99C00C43EF0 /* Resources */ = {
			isa = PBXResourcesBuildPhase;
			buildActionMask = 2147483647;
			files = (
			);
			runOnlyForDeploymentPostprocessing = 0;
		};
		8C9980922335D99C00C43EF0 /* Resources */ = {
			isa = PBXResourcesBuildPhase;
			buildActionMask = 2147483647;
			files = (
			);
			runOnlyForDeploymentPostprocessing = 0;
		};
/* End PBXResourcesBuildPhase section */

/* Begin PBXShellScriptBuildPhase section */
		057697275C909D78B5B05823 /* [CP] Check Pods Manifest.lock */ = {
			isa = PBXShellScriptBuildPhase;
			buildActionMask = 2147483647;
			files = (
			);
			inputFileListPaths = (
			);
			inputPaths = (
				"${PODS_PODFILE_DIR_PATH}/Podfile.lock",
				"${PODS_ROOT}/Manifest.lock",
			);
			name = "[CP] Check Pods Manifest.lock";
			outputFileListPaths = (
			);
			outputPaths = (
				"$(DERIVED_FILE_DIR)/Pods-testapp-checkManifestLockResult.txt",
			);
			runOnlyForDeploymentPostprocessing = 0;
			shellPath = /bin/sh;
			shellScript = "diff \"${PODS_PODFILE_DIR_PATH}/Podfile.lock\" \"${PODS_ROOT}/Manifest.lock\" > /dev/null\nif [ $? != 0 ] ; then\n    # print error to STDERR\n    echo \"error: The sandbox is not in sync with the Podfile.lock. Run 'pod install' or update your CocoaPods installation.\" >&2\n    exit 1\nfi\n# This output is used by Xcode 'outputs' to avoid re-running this script phase.\necho \"SUCCESS\" > \"${SCRIPT_OUTPUT_FILE_0}\"\n";
			showEnvVarsInLog = 0;
		};
		2C03A3E802CD91E7ED7AB14F /* [CP] Check Pods Manifest.lock */ = {
			isa = PBXShellScriptBuildPhase;
			buildActionMask = 2147483647;
			files = (
			);
			inputFileListPaths = (
			);
			inputPaths = (
				"${PODS_PODFILE_DIR_PATH}/Podfile.lock",
				"${PODS_ROOT}/Manifest.lock",
			);
			name = "[CP] Check Pods Manifest.lock";
			outputFileListPaths = (
			);
			outputPaths = (
				"$(DERIVED_FILE_DIR)/Pods-testappUITests-checkManifestLockResult.txt",
			);
			runOnlyForDeploymentPostprocessing = 0;
			shellPath = /bin/sh;
			shellScript = "diff \"${PODS_PODFILE_DIR_PATH}/Podfile.lock\" \"${PODS_ROOT}/Manifest.lock\" > /dev/null\nif [ $? != 0 ] ; then\n    # print error to STDERR\n    echo \"error: The sandbox is not in sync with the Podfile.lock. Run 'pod install' or update your CocoaPods installation.\" >&2\n    exit 1\nfi\n# This output is used by Xcode 'outputs' to avoid re-running this script phase.\necho \"SUCCESS\" > \"${SCRIPT_OUTPUT_FILE_0}\"\n";
			showEnvVarsInLog = 0;
		};
		D1285D6D67213687C73EC6CA /* [CP] Embed Pods Frameworks */ = {
			isa = PBXShellScriptBuildPhase;
			buildActionMask = 2147483647;
			files = (
			);
			inputFileListPaths = (
			);
			inputPaths = (
				"${PODS_ROOT}/Target Support Files/Pods-testapp/Pods-testapp-frameworks.sh",
				"${BUILT_PRODUCTS_DIR}/Alamofire/Alamofire.framework",
				"${BUILT_PRODUCTS_DIR}/BoringSSL-GRPC/openssl_grpc.framework",
				"${BUILT_PRODUCTS_DIR}/GTMSessionFetcher/GTMSessionFetcher.framework",
				"${BUILT_PRODUCTS_DIR}/GoogleUtilities/GoogleUtilities.framework",
				"${BUILT_PRODUCTS_DIR}/Protobuf/Protobuf.framework",
				"${BUILT_PRODUCTS_DIR}/SwiftyJSON/SwiftyJSON.framework",
				"${BUILT_PRODUCTS_DIR}/gRPC-C++/grpcpp.framework",
				"${BUILT_PRODUCTS_DIR}/gRPC-Core/grpc.framework",
				"${BUILT_PRODUCTS_DIR}/leveldb-library/leveldb.framework",
				"${BUILT_PRODUCTS_DIR}/nanopb/nanopb.framework",
			);
			name = "[CP] Embed Pods Frameworks";
			outputFileListPaths = (
			);
			outputPaths = (
				"${TARGET_BUILD_DIR}/${FRAMEWORKS_FOLDER_PATH}/Alamofire.framework",
				"${TARGET_BUILD_DIR}/${FRAMEWORKS_FOLDER_PATH}/openssl_grpc.framework",
				"${TARGET_BUILD_DIR}/${FRAMEWORKS_FOLDER_PATH}/GTMSessionFetcher.framework",
				"${TARGET_BUILD_DIR}/${FRAMEWORKS_FOLDER_PATH}/GoogleUtilities.framework",
				"${TARGET_BUILD_DIR}/${FRAMEWORKS_FOLDER_PATH}/Protobuf.framework",
				"${TARGET_BUILD_DIR}/${FRAMEWORKS_FOLDER_PATH}/SwiftyJSON.framework",
				"${TARGET_BUILD_DIR}/${FRAMEWORKS_FOLDER_PATH}/grpcpp.framework",
				"${TARGET_BUILD_DIR}/${FRAMEWORKS_FOLDER_PATH}/grpc.framework",
				"${TARGET_BUILD_DIR}/${FRAMEWORKS_FOLDER_PATH}/leveldb.framework",
				"${TARGET_BUILD_DIR}/${FRAMEWORKS_FOLDER_PATH}/nanopb.framework",
			);
			runOnlyForDeploymentPostprocessing = 0;
			shellPath = /bin/sh;
			shellScript = "\"${PODS_ROOT}/Target Support Files/Pods-testapp/Pods-testapp-frameworks.sh\"\n";
			showEnvVarsInLog = 0;
		};
		F784308CE4C268FE16B253A7 /* [CP] Check Pods Manifest.lock */ = {
			isa = PBXShellScriptBuildPhase;
			buildActionMask = 2147483647;
			files = (
			);
			inputFileListPaths = (
			);
			inputPaths = (
				"${PODS_PODFILE_DIR_PATH}/Podfile.lock",
				"${PODS_ROOT}/Manifest.lock",
			);
			name = "[CP] Check Pods Manifest.lock";
			outputFileListPaths = (
			);
			outputPaths = (
				"$(DERIVED_FILE_DIR)/Pods-testappTests-checkManifestLockResult.txt",
			);
			runOnlyForDeploymentPostprocessing = 0;
			shellPath = /bin/sh;
			shellScript = "diff \"${PODS_PODFILE_DIR_PATH}/Podfile.lock\" \"${PODS_ROOT}/Manifest.lock\" > /dev/null\nif [ $? != 0 ] ; then\n    # print error to STDERR\n    echo \"error: The sandbox is not in sync with the Podfile.lock. Run 'pod install' or update your CocoaPods installation.\" >&2\n    exit 1\nfi\n# This output is used by Xcode 'outputs' to avoid re-running this script phase.\necho \"SUCCESS\" > \"${SCRIPT_OUTPUT_FILE_0}\"\n";
			showEnvVarsInLog = 0;
		};
/* End PBXShellScriptBuildPhase section */

/* Begin PBXSourcesBuildPhase section */
		8C9980712335D99A00C43EF0 /* Sources */ = {
			isa = PBXSourcesBuildPhase;
			buildActionMask = 2147483647;
			files = (
				8C9980AF2335F55300C43EF0 /* apiRequest.swift in Sources */,
				8C9980AD2335E4A900C43EF0 /* SearchResultTableViewController.swift in Sources */,
				8C99807B2335D99A00C43EF0 /* ViewController.swift in Sources */,
				8C9980792335D99A00C43EF0 /* AppDelegate.swift in Sources */,
				8C9980A92335E37B00C43EF0 /* wikiTableViewCell.swift in Sources */,
			);
			runOnlyForDeploymentPostprocessing = 0;
		};
		8C9980852335D99C00C43EF0 /* Sources */ = {
			isa = PBXSourcesBuildPhase;
			buildActionMask = 2147483647;
			files = (
				8C99808E2335D99C00C43EF0 /* testappTests.swift in Sources */,
			);
			runOnlyForDeploymentPostprocessing = 0;
		};
		8C9980902335D99C00C43EF0 /* Sources */ = {
			isa = PBXSourcesBuildPhase;
			buildActionMask = 2147483647;
			files = (
				8C9980992335D99C00C43EF0 /* testappUITests.swift in Sources */,
			);
			runOnlyForDeploymentPostprocessing = 0;
		};
/* End PBXSourcesBuildPhase section */

/* Begin PBXTargetDependency section */
		8C99808B2335D99C00C43EF0 /* PBXTargetDependency */ = {
			isa = PBXTargetDependency;
			target = 8C9980742335D99A00C43EF0 /* testapp */;
			targetProxy = 8C99808A2335D99C00C43EF0 /* PBXContainerItemProxy */;
		};
		8C9980962335D99C00C43EF0 /* PBXTargetDependency */ = {
			isa = PBXTargetDependency;
			target = 8C9980742335D99A00C43EF0 /* testapp */;
			targetProxy = 8C9980952335D99C00C43EF0 /* PBXContainerItemProxy */;
		};
/* End PBXTargetDependency section */

/* Begin PBXVariantGroup section */
		8C99807C2335D99A00C43EF0 /* Main.storyboard */ = {
			isa = PBXVariantGroup;
			children = (
				8C99807D2335D99A00C43EF0 /* Base */,
			);
			name = Main.storyboard;
			sourceTree = "<group>";
		};
		8C9980812335D99C00C43EF0 /* LaunchScreen.storyboard */ = {
			isa = PBXVariantGroup;
			children = (
				8C9980822335D99C00C43EF0 /* Base */,
			);
			name = LaunchScreen.storyboard;
			sourceTree = "<group>";
		};
/* End PBXVariantGroup section */

/* Begin XCBuildConfiguration section */
		8C99809B2335D99C00C43EF0 /* Debug */ = {
			isa = XCBuildConfiguration;
			buildSettings = {
				ALWAYS_SEARCH_USER_PATHS = NO;
				CLANG_ANALYZER_NONNULL = YES;
				CLANG_ANALYZER_NUMBER_OBJECT_CONVERSION = YES_AGGRESSIVE;
				CLANG_CXX_LANGUAGE_STANDARD = "gnu++14";
				CLANG_CXX_LIBRARY = "libc++";
				CLANG_ENABLE_MODULES = YES;
				CLANG_ENABLE_OBJC_ARC = YES;
				CLANG_ENABLE_OBJC_WEAK = YES;
				CLANG_WARN_BLOCK_CAPTURE_AUTORELEASING = YES;
				CLANG_WARN_BOOL_CONVERSION = YES;
				CLANG_WARN_COMMA = YES;
				CLANG_WARN_CONSTANT_CONVERSION = YES;
				CLANG_WARN_DEPRECATED_OBJC_IMPLEMENTATIONS = YES;
				CLANG_WARN_DIRECT_OBJC_ISA_USAGE = YES_ERROR;
				CLANG_WARN_DOCUMENTATION_COMMENTS = YES;
				CLANG_WARN_EMPTY_BODY = YES;
				CLANG_WARN_ENUM_CONVERSION = YES;
				CLANG_WARN_INFINITE_RECURSION = YES;
				CLANG_WARN_INT_CONVERSION = YES;
				CLANG_WARN_NON_LITERAL_NULL_CONVERSION = YES;
				CLANG_WARN_OBJC_IMPLICIT_RETAIN_SELF = YES;
				CLANG_WARN_OBJC_LITERAL_CONVERSION = YES;
				CLANG_WARN_OBJC_ROOT_CLASS = YES_ERROR;
				CLANG_WARN_RANGE_LOOP_ANALYSIS = YES;
				CLANG_WARN_STRICT_PROTOTYPES = YES;
				CLANG_WARN_SUSPICIOUS_MOVE = YES;
				CLANG_WARN_UNGUARDED_AVAILABILITY = YES_AGGRESSIVE;
				CLANG_WARN_UNREACHABLE_CODE = YES;
				CLANG_WARN__DUPLICATE_METHOD_MATCH = YES;
				CODE_SIGN_IDENTITY = "iPhone Developer";
				COPY_PHASE_STRIP = NO;
				DEBUG_INFORMATION_FORMAT = dwarf;
				ENABLE_STRICT_OBJC_MSGSEND = YES;
				ENABLE_TESTABILITY = YES;
				GCC_C_LANGUAGE_STANDARD = gnu11;
				GCC_DYNAMIC_NO_PIC = NO;
				GCC_NO_COMMON_BLOCKS = YES;
				GCC_OPTIMIZATION_LEVEL = 0;
				GCC_PREPROCESSOR_DEFINITIONS = (
					"DEBUG=1",
					"$(inherited)",
				);
				GCC_WARN_64_TO_32_BIT_CONVERSION = YES;
				GCC_WARN_ABOUT_RETURN_TYPE = YES_ERROR;
				GCC_WARN_UNDECLARED_SELECTOR = YES;
				GCC_WARN_UNINITIALIZED_AUTOS = YES_AGGRESSIVE;
				GCC_WARN_UNUSED_FUNCTION = YES;
				GCC_WARN_UNUSED_VARIABLE = YES;
				IPHONEOS_DEPLOYMENT_TARGET = 12.1;
				MTL_ENABLE_DEBUG_INFO = INCLUDE_SOURCE;
				MTL_FAST_MATH = YES;
				ONLY_ACTIVE_ARCH = YES;
				SDKROOT = iphoneos;
				SWIFT_ACTIVE_COMPILATION_CONDITIONS = DEBUG;
				SWIFT_OPTIMIZATION_LEVEL = "-Onone";
			};
			name = Debug;
		};
		8C99809C2335D99C00C43EF0 /* Release */ = {
			isa = XCBuildConfiguration;
			buildSettings = {
				ALWAYS_SEARCH_USER_PATHS = NO;
				CLANG_ANALYZER_NONNULL = YES;
				CLANG_ANALYZER_NUMBER_OBJECT_CONVERSION = YES_AGGRESSIVE;
				CLANG_CXX_LANGUAGE_STANDARD = "gnu++14";
				CLANG_CXX_LIBRARY = "libc++";
				CLANG_ENABLE_MODULES = YES;
				CLANG_ENABLE_OBJC_ARC = YES;
				CLANG_ENABLE_OBJC_WEAK = YES;
				CLANG_WARN_BLOCK_CAPTURE_AUTORELEASING = YES;
				CLANG_WARN_BOOL_CONVERSION = YES;
				CLANG_WARN_COMMA = YES;
				CLANG_WARN_CONSTANT_CONVERSION = YES;
				CLANG_WARN_DEPRECATED_OBJC_IMPLEMENTATIONS = YES;
				CLANG_WARN_DIRECT_OBJC_ISA_USAGE = YES_ERROR;
				CLANG_WARN_DOCUMENTATION_COMMENTS = YES;
				CLANG_WARN_EMPTY_BODY = YES;
				CLANG_WARN_ENUM_CONVERSION = YES;
				CLANG_WARN_INFINITE_RECURSION = YES;
				CLANG_WARN_INT_CONVERSION = YES;
				CLANG_WARN_NON_LITERAL_NULL_CONVERSION = YES;
				CLANG_WARN_OBJC_IMPLICIT_RETAIN_SELF = YES;
				CLANG_WARN_OBJC_LITERAL_CONVERSION = YES;
				CLANG_WARN_OBJC_ROOT_CLASS = YES_ERROR;
				CLANG_WARN_RANGE_LOOP_ANALYSIS = YES;
				CLANG_WARN_STRICT_PROTOTYPES = YES;
				CLANG_WARN_SUSPICIOUS_MOVE = YES;
				CLANG_WARN_UNGUARDED_AVAILABILITY = YES_AGGRESSIVE;
				CLANG_WARN_UNREACHABLE_CODE = YES;
				CLANG_WARN__DUPLICATE_METHOD_MATCH = YES;
				CODE_SIGN_IDENTITY = "iPhone Developer";
				COPY_PHASE_STRIP = NO;
				DEBUG_INFORMATION_FORMAT = "dwarf-with-dsym";
				ENABLE_NS_ASSERTIONS = NO;
				ENABLE_STRICT_OBJC_MSGSEND = YES;
				GCC_C_LANGUAGE_STANDARD = gnu11;
				GCC_NO_COMMON_BLOCKS = YES;
				GCC_WARN_64_TO_32_BIT_CONVERSION = YES;
				GCC_WARN_ABOUT_RETURN_TYPE = YES_ERROR;
				GCC_WARN_UNDECLARED_SELECTOR = YES;
				GCC_WARN_UNINITIALIZED_AUTOS = YES_AGGRESSIVE;
				GCC_WARN_UNUSED_FUNCTION = YES;
				GCC_WARN_UNUSED_VARIABLE = YES;
				IPHONEOS_DEPLOYMENT_TARGET = 12.1;
				MTL_ENABLE_DEBUG_INFO = NO;
				MTL_FAST_MATH = YES;
				SDKROOT = iphoneos;
				SWIFT_COMPILATION_MODE = wholemodule;
				SWIFT_OPTIMIZATION_LEVEL = "-O";
				VALIDATE_PRODUCT = YES;
			};
			name = Release;
		};
		8C99809E2335D99C00C43EF0 /* Debug */ = {
			isa = XCBuildConfiguration;
			baseConfigurationReference = 6D53545E0381F121A7A1AF5C /* Pods-testapp.debug.xcconfig */;
			buildSettings = {
				ASSETCATALOG_COMPILER_APPICON_NAME = AppIcon;
				CODE_SIGN_STYLE = Automatic;
				INFOPLIST_FILE = testapp/Info.plist;
				LD_RUNPATH_SEARCH_PATHS = (
					"$(inherited)",
					"@executable_path/Frameworks",
				);
				PRODUCT_BUNDLE_IDENTIFIER = com.nibm.firebaseTestShevon.testapp;
				PRODUCT_NAME = "$(TARGET_NAME)";
				SWIFT_VERSION = 4.2;
				TARGETED_DEVICE_FAMILY = "1,2";
			};
			name = Debug;
		};
		8C99809F2335D99C00C43EF0 /* Release */ = {
			isa = XCBuildConfiguration;
			baseConfigurationReference = BF6F635262C1E11B447FCD8A /* Pods-testapp.release.xcconfig */;
			buildSettings = {
				ASSETCATALOG_COMPILER_APPICON_NAME = AppIcon;
				CODE_SIGN_STYLE = Automatic;
				INFOPLIST_FILE = testapp/Info.plist;
				LD_RUNPATH_SEARCH_PATHS = (
					"$(inherited)",
					"@executable_path/Frameworks",
				);
				PRODUCT_BUNDLE_IDENTIFIER = com.nibm.firebaseTestShevon.testapp;
				PRODUCT_NAME = "$(TARGET_NAME)";
				SWIFT_VERSION = 4.2;
				TARGETED_DEVICE_FAMILY = "1,2";
			};
			name = Release;
		};
		8C9980A12335D99C00C43EF0 /* Debug */ = {
			isa = XCBuildConfiguration;
			baseConfigurationReference = 45D05EF63F1D293DFB5AAD35 /* Pods-testappTests.debug.xcconfig */;
			buildSettings = {
				ALWAYS_EMBED_SWIFT_STANDARD_LIBRARIES = YES;
				BUNDLE_LOADER = "$(TEST_HOST)";
				CODE_SIGN_STYLE = Automatic;
				INFOPLIST_FILE = testappTests/Info.plist;
				LD_RUNPATH_SEARCH_PATHS = (
					"$(inherited)",
					"@executable_path/Frameworks",
					"@loader_path/Frameworks",
				);
				PRODUCT_BUNDLE_IDENTIFIER = com.nibm.firebaseTestShevon.testappTests;
				PRODUCT_NAME = "$(TARGET_NAME)";
				SWIFT_VERSION = 4.2;
				TARGETED_DEVICE_FAMILY = "1,2";
				TEST_HOST = "$(BUILT_PRODUCTS_DIR)/testapp.app/testapp";
			};
			name = Debug;
		};
		8C9980A22335D99C00C43EF0 /* Release */ = {
			isa = XCBuildConfiguration;
			baseConfigurationReference = 4E1681687F0B03B2CCC6ABD6 /* Pods-testappTests.release.xcconfig */;
			buildSettings = {
				ALWAYS_EMBED_SWIFT_STANDARD_LIBRARIES = YES;
				BUNDLE_LOADER = "$(TEST_HOST)";
				CODE_SIGN_STYLE = Automatic;
				INFOPLIST_FILE = testappTests/Info.plist;
				LD_RUNPATH_SEARCH_PATHS = (
					"$(inherited)",
					"@executable_path/Frameworks",
					"@loader_path/Frameworks",
				);
				PRODUCT_BUNDLE_IDENTIFIER = com.nibm.firebaseTestShevon.testappTests;
				PRODUCT_NAME = "$(TARGET_NAME)";
				SWIFT_VERSION = 4.2;
				TARGETED_DEVICE_FAMILY = "1,2";
				TEST_HOST = "$(BUILT_PRODUCTS_DIR)/testapp.app/testapp";
			};
			name = Release;
		};
		8C9980A42335D99C00C43EF0 /* Debug */ = {
			isa = XCBuildConfiguration;
			baseConfigurationReference = 91CCCC1BA2BC8D827E74F394 /* Pods-testappUITests.debug.xcconfig */;
			buildSettings = {
				ALWAYS_EMBED_SWIFT_STANDARD_LIBRARIES = YES;
				CODE_SIGN_STYLE = Automatic;
				INFOPLIST_FILE = testappUITests/Info.plist;
				LD_RUNPATH_SEARCH_PATHS = (
					"$(inherited)",
					"@executable_path/Frameworks",
					"@loader_path/Frameworks",
				);
				PRODUCT_BUNDLE_IDENTIFIER = com.nibm.firebaseTestShevon.testappUITests;
				PRODUCT_NAME = "$(TARGET_NAME)";
				SWIFT_VERSION = 4.2;
				TARGETED_DEVICE_FAMILY = "1,2";
				TEST_TARGET_NAME = testapp;
			};
			name = Debug;
		};
		8C9980A52335D99C00C43EF0 /* Release */ = {
			isa = XCBuildConfiguration;
			baseConfigurationReference = A1ABEE74BABC9EBCFD73617B /* Pods-testappUITests.release.xcconfig */;
			buildSettings = {
				ALWAYS_EMBED_SWIFT_STANDARD_LIBRARIES = YES;
				CODE_SIGN_STYLE = Automatic;
				INFOPLIST_FILE = testappUITests/Info.plist;
				LD_RUNPATH_SEARCH_PATHS = (
					"$(inherited)",
					"@executable_path/Frameworks",
					"@loader_path/Frameworks",
				);
				PRODUCT_BUNDLE_IDENTIFIER = com.nibm.firebaseTestShevon.testappUITests;
				PRODUCT_NAME = "$(TARGET_NAME)";
				SWIFT_VERSION = 4.2;
				TARGETED_DEVICE_FAMILY = "1,2";
				TEST_TARGET_NAME = testapp;
			};
			name = Release;
		};
/* End XCBuildConfiguration section */

/* Begin XCConfigurationList section */
		8C9980702335D99A00C43EF0 /* Build configuration list for PBXProject "testapp" */ = {
			isa = XCConfigurationList;
			buildConfigurations = (
				8C99809B2335D99C00C43EF0 /* Debug */,
				8C99809C2335D99C00C43EF0 /* Release */,
			);
			defaultConfigurationIsVisible = 0;
			defaultConfigurationName = Release;
		};
		8C99809D2335D99C00C43EF0 /* Build configuration list for PBXNativeTarget "testapp" */ = {
			isa = XCConfigurationList;
			buildConfigurations = (
				8C99809E2335D99C00C43EF0 /* Debug */,
				8C99809F2335D99C00C43EF0 /* Release */,
			);
			defaultConfigurationIsVisible = 0;
			defaultConfigurationName = Release;
		};
		8C9980A02335D99C00C43EF0 /* Build configuration list for PBXNativeTarget "testappTests" */ = {
			isa = XCConfigurationList;
			buildConfigurations = (
				8C9980A12335D99C00C43EF0 /* Debug */,
				8C9980A22335D99C00C43EF0 /* Release */,
			);
			defaultConfigurationIsVisible = 0;
			defaultConfigurationName = Release;
		};
		8C9980A32335D99C00C43EF0 /* Build configuration list for PBXNativeTarget "testappUITests" */ = {
			isa = XCConfigurationList;
			buildConfigurations = (
				8C9980A42335D99C00C43EF0 /* Debug */,
				8C9980A52335D99C00C43EF0 /* Release */,
			);
			defaultConfigurationIsVisible = 0;
			defaultConfigurationName = Release;
		};
/* End XCConfigurationList section */
	};
	rootObject = 8C99806D2335D99A00C43EF0 /* Project object */;
}
